
Microsoft Visual Studio Solution File, Format Version 12.00
# Visual Studio 14
VisualStudioVersion = 14.0.23107.0
MinimumVisualStudioVersion = 10.0.40219.1
Project("{FAE04EC0-301F-11D3-BF4B-00C04F79EFBC}") = "Anagram", "Anagram\Anagram.csproj", "{EDD9FC61-9DA1-4AA8-8B15-32CCB0078B1D}"
EndProject
Global
	GlobalSection(SolutionConfigurationPlatforms) = preSolution
		Debug|Any CPU = Debug|Any CPU
		Release|Any CPU = Release|Any CPU
	EndGlobalSection
	GlobalSection(ProjectConfigurationPlatforms) = postSolution
		{EDD9FC61-9DA1-4AA8-8B15-32CCB0078B1D}.Debug|Any CPU.ActiveCfg = Debug|Any CPU
		{EDD9FC61-9DA1-4AA8-8B15-32CCB0078B1D}.Debug|Any CPU.Build.0 = Debug|Any CPU
		{EDD9FC61-9DA1-4AA8-8B15-32CCB0078B1D}.Release|Any CPU.ActiveCfg = Release|Any CPU
		{EDD9FC61-9DA1-4AA8-8B15-32CCB0078B1D}.Release|Any CPU.Build.0 = Release|Any CPU
	EndGlobalSection
	GlobalSection(SolutionProperties) = preSolution
		HideSolutionNode = FALSE
	EndGlobalSection
EndGlobal
